
Microsoft Visual Studio Solution File, Format Version 12.00
# Visual Studio Version 16
VisualStudioVersion = 16.0.34601.136
MinimumVisualStudioVersion = 10.0.40219.1
Project("{FAE04EC0-301F-11D3-BF4B-00C04F79EFBC}") = "PokemonWeb", "PokemonWeb\PokemonWeb.csproj", "{2C16FB6B-BF2C-4E6D-B3E3-81CD6DB5DB84}"
EndProject
Project("{FAE04EC0-301F-11D3-BF4B-00C04F79EFBC}") = "dominio", "dominio\dominio.csproj", "{F2B1AD7C-E1DA-4AD7-84DA-90A7DEE190D7}"
EndProject
Project("{FAE04EC0-301F-11D3-BF4B-00C04F79EFBC}") = "negocio", "negocio\negocio.csproj", "{66083275-4426-45DB-8630-7538E9D263D5}"
EndProject
Global
	GlobalSection(SolutionConfigurationPlatforms) = preSolution
		Debug|Any CPU = Debug|Any CPU
		Release|Any CPU = Release|Any CPU
	EndGlobalSection
	GlobalSection(ProjectConfigurationPlatforms) = postSolution
		{2C16FB6B-BF2C-4E6D-B3E3-81CD6DB5DB84}.Debug|Any CPU.ActiveCfg = Debug|Any CPU
		{2C16FB6B-BF2C-4E6D-B3E3-81CD6DB5DB84}.Debug|Any CPU.Build.0 = Debug|Any CPU
		{2C16FB6B-BF2C-4E6D-B3E3-81CD6DB5DB84}.Release|Any CPU.ActiveCfg = Release|Any CPU
		{2C16FB6B-BF2C-4E6D-B3E3-81CD6DB5DB84}.Release|Any CPU.Build.0 = Release|Any CPU
		{F2B1AD7C-E1DA-4AD7-84DA-90A7DEE190D7}.Debug|Any CPU.ActiveCfg = Debug|Any CPU
		{F2B1AD7C-E1DA-4AD7-84DA-90A7DEE190D7}.Debug|Any CPU.Build.0 = Debug|Any CPU
		{F2B1AD7C-E1DA-4AD7-84DA-90A7DEE190D7}.Release|Any CPU.ActiveCfg = Release|Any CPU
		{F2B1AD7C-E1DA-4AD7-84DA-90A7DEE190D7}.Release|Any CPU.Build.0 = Release|Any CPU
		{66083275-4426-45DB-8630-7538E9D263D5}.Debug|Any CPU.ActiveCfg = Debug|Any CPU
		{66083275-4426-45DB-8630-7538E9D263D5}.Debug|Any CPU.Build.0 = Debug|Any CPU
		{66083275-4426-45DB-8630-7538E9D263D5}.Release|Any CPU.ActiveCfg = Release|Any CPU
		{66083275-4426-45DB-8630-7538E9D263D5}.Release|Any CPU.Build.0 = Release|Any CPU
	EndGlobalSection
	GlobalSection(SolutionProperties) = preSolution
		HideSolutionNode = FALSE
	EndGlobalSection
	GlobalSection(ExtensibilityGlobals) = postSolution
		SolutionGuid = {24859924-C828-4E69-BD52-756726749840}
	EndGlobalSection
EndGlobal
