
Microsoft Visual Studio Solution File, Format Version 12.00
# Visual Studio Version 16
VisualStudioVersion = 16.0.34601.136
MinimumVisualStudioVersion = 10.0.40219.1
Project("{FAE04EC0-301F-11D3-BF4B-00C04F79EFBC}") = "Consultorio", "Consultorio\Consultorio.csproj", "{40531E03-1513-40DD-AFD5-5B2DEBEF739F}"
EndProject
Project("{FAE04EC0-301F-11D3-BF4B-00C04F79EFBC}") = "Dominio", "Dominio\Dominio.csproj", "{E60179E0-2DC1-4E68-A9FB-5345F03AC775}"
EndProject
Project("{FAE04EC0-301F-11D3-BF4B-00C04F79EFBC}") = "Negocio", "Negocio\Negocio.csproj", "{7E38250C-AEAA-4363-91F5-45C0169F2CA9}"
EndProject
Global
	GlobalSection(SolutionConfigurationPlatforms) = preSolution
		Debug|Any CPU = Debug|Any CPU
		Release|Any CPU = Release|Any CPU
	EndGlobalSection
	GlobalSection(ProjectConfigurationPlatforms) = postSolution
		{40531E03-1513-40DD-AFD5-5B2DEBEF739F}.Debug|Any CPU.ActiveCfg = Debug|Any CPU
		{40531E03-1513-40DD-AFD5-5B2DEBEF739F}.Debug|Any CPU.Build.0 = Debug|Any CPU
		{40531E03-1513-40DD-AFD5-5B2DEBEF739F}.Release|Any CPU.ActiveCfg = Release|Any CPU
		{40531E03-1513-40DD-AFD5-5B2DEBEF739F}.Release|Any CPU.Build.0 = Release|Any CPU
		{E60179E0-2DC1-4E68-A9FB-5345F03AC775}.Debug|Any CPU.ActiveCfg = Debug|Any CPU
		{E60179E0-2DC1-4E68-A9FB-5345F03AC775}.Debug|Any CPU.Build.0 = Debug|Any CPU
		{E60179E0-2DC1-4E68-A9FB-5345F03AC775}.Release|Any CPU.ActiveCfg = Release|Any CPU
		{E60179E0-2DC1-4E68-A9FB-5345F03AC775}.Release|Any CPU.Build.0 = Release|Any CPU
		{7E38250C-AEAA-4363-91F5-45C0169F2CA9}.Debug|Any CPU.ActiveCfg = Debug|Any CPU
		{7E38250C-AEAA-4363-91F5-45C0169F2CA9}.Debug|Any CPU.Build.0 = Debug|Any CPU
		{7E38250C-AEAA-4363-91F5-45C0169F2CA9}.Release|Any CPU.ActiveCfg = Release|Any CPU
		{7E38250C-AEAA-4363-91F5-45C0169F2CA9}.Release|Any CPU.Build.0 = Release|Any CPU
	EndGlobalSection
	GlobalSection(SolutionProperties) = preSolution
		HideSolutionNode = FALSE
	EndGlobalSection
	GlobalSection(ExtensibilityGlobals) = postSolution
		SolutionGuid = {46DC9528-7EDC-4FBD-9493-B716DFB75406}
	EndGlobalSection
EndGlobal
